
Microsoft Visual Studio Solution File, Format Version 12.00
# Visual Studio Version 16
VisualStudioVersion = 16.0.28803.202
MinimumVisualStudioVersion = 10.0.40219.1
Project("{FAE04EC0-301F-11D3-BF4B-00C04F79EFBC}") = "CSharpTask", "CSharpTask\CSharpTask.csproj", "{A882D508-E5AF-4AB1-8DDD-0A2AEAC8AE06}"
EndProject
Global
	GlobalSection(SolutionConfigurationPlatforms) = preSolution
		Debug|Any CPU = Debug|Any CPU
		Release|Any CPU = Release|Any CPU
	EndGlobalSection
	GlobalSection(ProjectConfigurationPlatforms) = postSolution
		{A882D508-E5AF-4AB1-8DDD-0A2AEAC8AE06}.Debug|Any CPU.ActiveCfg = Debug|Any CPU
		{A882D508-E5AF-4AB1-8DDD-0A2AEAC8AE06}.Debug|Any CPU.Build.0 = Debug|Any CPU
		{A882D508-E5AF-4AB1-8DDD-0A2AEAC8AE06}.Release|Any CPU.ActiveCfg = Release|Any CPU
		{A882D508-E5AF-4AB1-8DDD-0A2AEAC8AE06}.Release|Any CPU.Build.0 = Release|Any CPU
	EndGlobalSection
	GlobalSection(SolutionProperties) = preSolution
		HideSolutionNode = FALSE
	EndGlobalSection
	GlobalSection(ExtensibilityGlobals) = postSolution
		SolutionGuid = {8A7931B3-E6C0-4E04-9803-531ED65DE04B}
	EndGlobalSection
EndGlobal
